
Microsoft Visual Studio Solution File, Format Version 12.00
# Visual Studio Version 17
VisualStudioVersion = 17.5.33502.453
MinimumVisualStudioVersion = 10.0.40219.1
Project("{FAE04EC0-301F-11D3-BF4B-00C04F79EFBC}") = "NextwoFinalApp", "NextwoFinalApp\NextwoFinalApp.csproj", "{694B9B57-DB42-4D52-ACA8-98B02219C6AB}"
EndProject
Global
	GlobalSection(SolutionConfigurationPlatforms) = preSolution
		Debug|Any CPU = Debug|Any CPU
		Release|Any CPU = Release|Any CPU
	EndGlobalSection
	GlobalSection(ProjectConfigurationPlatforms) = postSolution
		{694B9B57-DB42-4D52-ACA8-98B02219C6AB}.Debug|Any CPU.ActiveCfg = Debug|Any CPU
		{694B9B57-DB42-4D52-ACA8-98B02219C6AB}.Debug|Any CPU.Build.0 = Debug|Any CPU
		{694B9B57-DB42-4D52-ACA8-98B02219C6AB}.Release|Any CPU.ActiveCfg = Release|Any CPU
		{694B9B57-DB42-4D52-ACA8-98B02219C6AB}.Release|Any CPU.Build.0 = Release|Any CPU
	EndGlobalSection
	GlobalSection(SolutionProperties) = preSolution
		HideSolutionNode = FALSE
	EndGlobalSection
	GlobalSection(ExtensibilityGlobals) = postSolution
		SolutionGuid = {62BD2047-3068-4AA9-AD62-C152A7373442}
	EndGlobalSection
EndGlobal
